// !$*UTF8*$!
{
	archiveVersion = 1;
	classes = {
	};
	objectVersion = 46;
	objects = {

/* Begin PBXBuildFile section */
		553D4C861C33502A00E5DAA3 /* main.cpp in Sources */ = {isa = PBXBuildFile; fileRef = 553D4C851C33502A00E5DAA3 /* main.cpp */; };
		553D4C8D1C33506F00E5DAA3 /* GLUT.framework in Frameworks */ = {isa = PBXBuildFile; fileRef = 553D4C8C1C33506F00E5DAA3 /* GLUT.framework */; };
		553D4C8F1C33507500E5DAA3 /* OpenGL.framework in Frameworks */ = {isa = PBXBuildFile; fileRef = 553D4C8E1C33507500E5DAA3 /* OpenGL.framework */; };
/* End PBXBuildFile section */

/* Begin PBXCopyFilesBuildPhase section */
		553D4C801C33502A00E5DAA3 /* CopyFiles */ = {
			isa = PBXCopyFilesBuildPhase;
			buildActionMask = 2147483647;
			dstPath = /usr/share/man/man1/;
			dstSubfolderSpec = 0;
			files = (
			);
			runOnlyForDeploymentPostprocessing = 1;
		};
/* End PBXCopyFilesBuildPhase section */

/* Begin PBXFileReference section */
		553D4C821C33502A00E5DAA3 /* projectTest */ = {isa = PBXFileReference; explicitFileType = "compiled.mach-o.executable"; includeInIndex = 0; path = projectTest; sourceTree = BUILT_PRODUCTS_DIR; };
		553D4C851C33502A00E5DAA3 /* main.cpp */ = {isa = PBXFileReference; lastKnownFileType = sourcecode.cpp.cpp; path = main.cpp; sourceTree = "<group>"; };
		553D4C8C1C33506F00E5DAA3 /* GLUT.framework */ = {isa = PBXFileReference; lastKnownFileType = wrapper.framework; name = GLUT.framework; path = System/Library/Frameworks/GLUT.framework; sourceTree = SDKROOT; };
		553D4C8E1C33507500E5DAA3 /* OpenGL.framework */ = {isa = PBXFileReference; lastKnownFileType = wrapper.framework; name = OpenGL.framework; path = System/Library/Frameworks/OpenGL.framework; sourceTree = SDKROOT; };
/* End PBXFileReference section */

/* Begin PBXFrameworksBuildPhase section */
		553D4C7F1C33502A00E5DAA3 /* Frameworks */ = {
			isa = PBXFrameworksBuildPhase;
			buildActionMask = 2147483647;
			files = (
				553D4C8F1C33507500E5DAA3 /* OpenGL.framework in Frameworks */,
				553D4C8D1C33506F00E5DAA3 /* GLUT.framework in Frameworks */,
			);
			runOnlyForDeploymentPostprocessing = 0;
		};
/* End PBXFrameworksBuildPhase section */

/* Begin PBXGroup section */
		553D4C791C33502A00E5DAA3 = {
			isa = PBXGroup;
			children = (
				553D4C8E1C33507500E5DAA3 /* OpenGL.framework */,
				553D4C8C1C33506F00E5DAA3 /* GLUT.framework */,
				553D4C841C33502A00E5DAA3 /* projectTest */,
				553D4C831C33502A00E5DAA3 /* Products */,
			);
			sourceTree = "<group>";
		};
		553D4C831C33502A00E5DAA3 /* Products */ = {
			isa = PBXGroup;
			children = (
				553D4C821C33502A00E5DAA3 /* projectTest */,
			);
			name = Products;
			sourceTree = "<group>";
		};
		553D4C841C33502A00E5DAA3 /* projectTest */ = {
			isa = PBXGroup;
			children = (
				553D4C851C33502A00E5DAA3 /* main.cpp */,
			);
			path = projectTest;
			sourceTree = "<group>";
		};
/* End PBXGroup section */

/* Begin PBXNativeTarget section */
		553D4C811C33502A00E5DAA3 /* projectTest */ = {
			isa = PBXNativeTarget;
			buildConfigurationList = 553D4C891C33502A00E5DAA3 /* Build configuration list for PBXNativeTarget "projectTest" */;
			buildPhases = (
				553D4C7E1C33502A00E5DAA3 /* Sources */,
				553D4C7F1C33502A00E5DAA3 /* Frameworks */,
				553D4C801C33502A00E5DAA3 /* CopyFiles */,
			);
			buildRules = (
			);
			dependencies = (
			);
			name = projectTest;
			productName = projectTest;
			productReference = 553D4C821C33502A00E5DAA3 /* projectTest */;
			productType = "com.apple.product-type.tool";
		};
/* End PBXNativeTarget section */

/* Begin PBXProject section */
		553D4C7A1C33502A00E5DAA3 /* Project object */ = {
			isa = PBXProject;
			attributes = {
				LastUpgradeCheck = 0710;
				ORGANIZATIONNAME = "Moncif Bounif";
				TargetAttributes = {
					553D4C811C33502A00E5DAA3 = {
						CreatedOnToolsVersion = 7.1.1;
					};
				};
			};
			buildConfigurationList = 553D4C7D1C33502A00E5DAA3 /* Build configuration list for PBXProject "projectTest" */;
			compatibilityVersion = "Xcode 3.2";
			developmentRegion = English;
			hasScannedForEncodings = 0;
			knownRegions = (
				en,
			);
			mainGroup = 553D4C791C33502A00E5DAA3;
			productRefGroup = 553D4C831C33502A00E5DAA3 /* Products */;
			projectDirPath = "";
			projectRoot = "";
			targets = (
				553D4C811C33502A00E5DAA3 /* projectTest */,
			);
		};
/* End PBXProject section */

/* Begin PBXSourcesBuildPhase section */
		553D4C7E1C33502A00E5DAA3 /* Sources */ = {
			isa = PBXSourcesBuildPhase;
			buildActionMask = 2147483647;
			files = (
				553D4C861C33502A00E5DAA3 /* main.cpp in Sources */,
			);
			runOnlyForDeploymentPostprocessing = 0;
		};
/* End PBXSourcesBuildPhase section */

/* Begin XCBuildConfiguration section */
		553D4C871C33502A00E5DAA3 /* Debug */ = {
			isa = XCBuildConfiguration;
			buildSettings = {
				ALWAYS_SEARCH_USER_PATHS = NO;
				CLANG_CXX_LANGUAGE_STANDARD = "gnu++0x";
				CLANG_CXX_LIBRARY = "libc++";
				CLANG_ENABLE_MODULES = YES;
				CLANG_ENABLE_OBJC_ARC = YES;
				CLANG_WARN_BOOL_CONVERSION = YES;
				CLANG_WARN_CONSTANT_CONVERSION = YES;
				CLANG_WARN_DIRECT_OBJC_ISA_USAGE = YES_ERROR;
				CLANG_WARN_EMPTY_BODY = YES;
				CLANG_WARN_ENUM_CONVERSION = YES;
				CLANG_WARN_INT_CONVERSION = YES;
				CLANG_WARN_OBJC_ROOT_CLASS = YES_ERROR;
				CLANG_WARN_UNREACHABLE_CODE = YES;
				CLANG_WARN__DUPLICATE_METHOD_MATCH = YES;
				CODE_SIGN_IDENTITY = "-";
				COPY_PHASE_STRIP = NO;
				DEBUG_INFORMATION_FORMAT = dwarf;
				ENABLE_STRICT_OBJC_MSGSEND = YES;
				ENABLE_TESTABILITY = YES;
				GCC_C_LANGUAGE_STANDARD = gnu99;
				GCC_DYNAMIC_NO_PIC = NO;
				GCC_NO_COMMON_BLOCKS = YES;
				GCC_OPTIMIZATION_LEVEL = 0;
				GCC_PREPROCESSOR_DEFINITIONS = (
					"DEBUG=1",
					"$(inherited)",
				);
				GCC_WARN_64_TO_32_BIT_CONVERSION = YES;
				GCC_WARN_ABOUT_RETURN_TYPE = YES_ERROR;
				GCC_WARN_UNDECLARED_SELECTOR = YES;
				GCC_WARN_UNINITIALIZED_AUTOS = YES_AGGRESSIVE;
				GCC_WARN_UNUSED_FUNCTION = YES;
				GCC_WARN_UNUSED_VARIABLE = YES;
				MACOSX_DEPLOYMENT_TARGET = 10.11;
				MTL_ENABLE_DEBUG_INFO = YES;
				ONLY_ACTIVE_ARCH = YES;
				SDKROOT = macosx;
			};
			name = Debug;
		};
		553D4C881C33502A00E5DAA3 /* Release */ = {
			isa = XCBuildConfiguration;
			buildSettings = {
				ALWAYS_SEARCH_USER_PATHS = NO;
				CLANG_CXX_LANGUAGE_STANDARD = "gnu++0x";
				CLANG_CXX_LIBRARY = "libc++";
				CLANG_ENABLE_MODULES = YES;
				CLANG_ENABLE_OBJC_ARC = YES;
				CLANG_WARN_BOOL_CONVERSION = YES;
				CLANG_WARN_CONSTANT_CONVERSION = YES;
				CLANG_WARN_DIRECT_OBJC_ISA_USAGE = YES_ERROR;
				CLANG_WARN_EMPTY_BODY = YES;
				CLANG_WARN_ENUM_CONVERSION = YES;
				CLANG_WARN_INT_CONVERSION = YES;
				CLANG_WARN_OBJC_ROOT_CLASS = YES_ERROR;
				CLANG_WARN_UNREACHABLE_CODE = YES;
				CLANG_WARN__DUPLICATE_METHOD_MATCH = YES;
				CODE_SIGN_IDENTITY = "-";
				COPY_PHASE_STRIP = NO;
				DEBUG_INFORMATION_FORMAT = "dwarf-with-dsym";
				ENABLE_NS_ASSERTIONS = NO;
				ENABLE_STRICT_OBJC_MSGSEND = YES;
				GCC_C_LANGUAGE_STANDARD = gnu99;
				GCC_NO_COMMON_BLOCKS = YES;
				GCC_WARN_64_TO_32_BIT_CONVERSION = YES;
				GCC_WARN_ABOUT_RETURN_TYPE = YES_ERROR;
				GCC_WARN_UNDECLARED_SELECTOR = YES;
				GCC_WARN_UNINITIALIZED_AUTOS = YES_AGGRESSIVE;
				GCC_WARN_UNUSED_FUNCTION = YES;
				GCC_WARN_UNUSED_VARIABLE = YES;
				MACOSX_DEPLOYMENT_TARGET = 10.11;
				MTL_ENABLE_DEBUG_INFO = NO;
				SDKROOT = macosx;
			};
			name = Release;
		};
		553D4C8A1C33502A00E5DAA3 /* Debug */ = {
			isa = XCBuildConfiguration;
			buildSettings = {
				PRODUCT_NAME = "$(TARGET_NAME)";
			};
			name = Debug;
		};
		553D4C8B1C33502A00E5DAA3 /* Release */ = {
			isa = XCBuildConfiguration;
			buildSettings = {
				PRODUCT_NAME = "$(TARGET_NAME)";
			};
			name = Release;
		};
/* End XCBuildConfiguration section */

/* Begin XCConfigurationList section */
		553D4C7D1C33502A00E5DAA3 /* Build configuration list for PBXProject "projectTest" */ = {
			isa = XCConfigurationList;
			buildConfigurations = (
				553D4C871C33502A00E5DAA3 /* Debug */,
				553D4C881C33502A00E5DAA3 /* Release */,
			);
			defaultConfigurationIsVisible = 0;
			defaultConfigurationName = Release;
		};
		553D4C891C33502A00E5DAA3 /* Build configuration list for PBXNativeTarget "projectTest" */ = {
			isa = XCConfigurationList;
			buildConfigurations = (
				553D4C8A1C33502A00E5DAA3 /* Debug */,
				553D4C8B1C33502A00E5DAA3 /* Release */,
			);
			defaultConfigurationIsVisible = 0;
			defaultConfigurationName = Release;
		};
/* End XCConfigurationList section */
	};
	rootObject = 553D4C7A1C33502A00E5DAA3 /* Project object */;
}
